
Microsoft Visual Studio Solution File, Format Version 12.00
# Visual Studio Version 16
VisualStudioVersion = 16.0.28902.138
MinimumVisualStudioVersion = 10.0.40219.1
Project("{2150E333-8FDC-42A3-9474-1A3956D46DE8}") = "Infrastructure", "Infrastructure", "{E0E744AB-1E43-4C13-85F5-9C51C0C36867}"
EndProject
Project("{9A19103F-16F7-4668-BE54-9A1E7A4F7556}") = "WebApp", "WebApp\WebApp.csproj", "{48474B75-2E73-4261-903F-2C58BA875432}"
EndProject
Project("{2150E333-8FDC-42A3-9474-1A3956D46DE8}") = "Core", "Core", "{69C116D9-39E1-49DD-AD33-DA6FA55C153A}"
EndProject
Project("{9A19103F-16F7-4668-BE54-9A1E7A4F7556}") = "Core.Models", "Core.Models\Core.Models.csproj", "{7A406EDC-7D30-44CC-9921-186E0039E57D}"
EndProject
Project("{9A19103F-16F7-4668-BE54-9A1E7A4F7556}") = "Core.Services", "Core.Services\Core.Services.csproj", "{0AFBAF1A-34A4-4FB0-B1C1-5707AA1BB662}"
EndProject
Project("{9A19103F-16F7-4668-BE54-9A1E7A4F7556}") = "Infrastructure.Repositories", "Infrastructure.Repositories\Infrastructure.Repositories.csproj", "{4F613231-660B-4091-9FB8-5BEF3E74F4B2}"
EndProject
Project("{9A19103F-16F7-4668-BE54-9A1E7A4F7556}") = "Infrastructure.DbContexts", "Infrastructure.DbContexts\Infrastructure.DbContexts.csproj", "{43E4D7A2-BB95-466D-9419-6C8CA377169B}"
EndProject
Project("{9A19103F-16F7-4668-BE54-9A1E7A4F7556}") = "Core.Services.Accounts", "Core.Services.Accounts\Core.Services.Accounts.csproj", "{B516F398-DE96-4D0F-85EB-BA4F74ABB938}"
EndProject
Project("{9A19103F-16F7-4668-BE54-9A1E7A4F7556}") = "Utils", "Utils\Utils.csproj", "{EFDF4E6D-2DD7-433A-BD13-E5213376D946}"
EndProject
Project("{9A19103F-16F7-4668-BE54-9A1E7A4F7556}") = "Core.Services.Histories", "Core.Services.Histories\Core.Services.Histories.csproj", "{DF95A9EC-6ECC-4116-B76E-7C30FA4FA693}"
EndProject
Project("{9A19103F-16F7-4668-BE54-9A1E7A4F7556}") = "Configuration", "Configuration\Configuration.csproj", "{F2D2D3ED-CFDB-4DB7-B45C-D2A1014CD642}"
EndProject
Project("{9A19103F-16F7-4668-BE54-9A1E7A4F7556}") = "Infrastructure.Repositories.Accounts", "Infrastructure.Repositories.Accounts\Infrastructure.Repositories.Accounts.csproj", "{8A9FD5F4-2D7E-4F7D-B81F-1EB440F6CD4C}"
EndProject
Project("{9A19103F-16F7-4668-BE54-9A1E7A4F7556}") = "Infrastructure.Repositories.Histories", "Infrastructure.Repositories.Histories\Infrastructure.Repositories.Histories.csproj", "{A9A11B7E-125E-421E-8747-CB0EACA32CEC}"
EndProject
Project("{9A19103F-16F7-4668-BE54-9A1E7A4F7556}") = "Infrastructure.Entities", "Infrastructure.Entities\Infrastructure.Entities.csproj", "{6FEF29DB-7294-421C-A024-2F0D3B1FF2CD}"
EndProject
Project("{9A19103F-16F7-4668-BE54-9A1E7A4F7556}") = "Infrastructure.DbContexts.Sql", "Infrastructure.DbContexts.Sql\Infrastructure.DbContexts.Sql.csproj", "{EB36D4B6-0A1B-42F9-A76C-396E84809130}"
EndProject
Project("{9A19103F-16F7-4668-BE54-9A1E7A4F7556}") = "Infrastructure.DbContexts.PostgreSql", "Infrastructure.DbContexts.PostgreSql\Infrastructure.DbContexts.PostgreSql.csproj", "{C6EDDA18-2B6D-4BC1-8015-C70C5E002F66}"
EndProject
Project("{FAE04EC0-301F-11D3-BF4B-00C04F79EFBC}") = "Frontend", "Frontend\Frontend.csproj", "{DC35FE03-1DBF-46D0-83E2-9AD265F05BCA}"
EndProject
Global
	GlobalSection(SolutionConfigurationPlatforms) = preSolution
		Debug|Any CPU = Debug|Any CPU
		Release|Any CPU = Release|Any CPU
	EndGlobalSection
	GlobalSection(ProjectConfigurationPlatforms) = postSolution
		{48474B75-2E73-4261-903F-2C58BA875432}.Debug|Any CPU.ActiveCfg = Debug|Any CPU
		{48474B75-2E73-4261-903F-2C58BA875432}.Debug|Any CPU.Build.0 = Debug|Any CPU
		{48474B75-2E73-4261-903F-2C58BA875432}.Release|Any CPU.ActiveCfg = Release|Any CPU
		{48474B75-2E73-4261-903F-2C58BA875432}.Release|Any CPU.Build.0 = Release|Any CPU
		{7A406EDC-7D30-44CC-9921-186E0039E57D}.Debug|Any CPU.ActiveCfg = Debug|Any CPU
		{7A406EDC-7D30-44CC-9921-186E0039E57D}.Debug|Any CPU.Build.0 = Debug|Any CPU
		{7A406EDC-7D30-44CC-9921-186E0039E57D}.Release|Any CPU.ActiveCfg = Release|Any CPU
		{7A406EDC-7D30-44CC-9921-186E0039E57D}.Release|Any CPU.Build.0 = Release|Any CPU
		{0AFBAF1A-34A4-4FB0-B1C1-5707AA1BB662}.Debug|Any CPU.ActiveCfg = Debug|Any CPU
		{0AFBAF1A-34A4-4FB0-B1C1-5707AA1BB662}.Debug|Any CPU.Build.0 = Debug|Any CPU
		{0AFBAF1A-34A4-4FB0-B1C1-5707AA1BB662}.Release|Any CPU.ActiveCfg = Release|Any CPU
		{0AFBAF1A-34A4-4FB0-B1C1-5707AA1BB662}.Release|Any CPU.Build.0 = Release|Any CPU
		{4F613231-660B-4091-9FB8-5BEF3E74F4B2}.Debug|Any CPU.ActiveCfg = Debug|Any CPU
		{4F613231-660B-4091-9FB8-5BEF3E74F4B2}.Debug|Any CPU.Build.0 = Debug|Any CPU
		{4F613231-660B-4091-9FB8-5BEF3E74F4B2}.Release|Any CPU.ActiveCfg = Release|Any CPU
		{4F613231-660B-4091-9FB8-5BEF3E74F4B2}.Release|Any CPU.Build.0 = Release|Any CPU
		{43E4D7A2-BB95-466D-9419-6C8CA377169B}.Debug|Any CPU.ActiveCfg = Debug|Any CPU
		{43E4D7A2-BB95-466D-9419-6C8CA377169B}.Debug|Any CPU.Build.0 = Debug|Any CPU
		{43E4D7A2-BB95-466D-9419-6C8CA377169B}.Release|Any CPU.ActiveCfg = Release|Any CPU
		{43E4D7A2-BB95-466D-9419-6C8CA377169B}.Release|Any CPU.Build.0 = Release|Any CPU
		{B516F398-DE96-4D0F-85EB-BA4F74ABB938}.Debug|Any CPU.ActiveCfg = Debug|Any CPU
		{B516F398-DE96-4D0F-85EB-BA4F74ABB938}.Debug|Any CPU.Build.0 = Debug|Any CPU
		{B516F398-DE96-4D0F-85EB-BA4F74ABB938}.Release|Any CPU.ActiveCfg = Release|Any CPU
		{B516F398-DE96-4D0F-85EB-BA4F74ABB938}.Release|Any CPU.Build.0 = Release|Any CPU
		{EFDF4E6D-2DD7-433A-BD13-E5213376D946}.Debug|Any CPU.ActiveCfg = Debug|Any CPU
		{EFDF4E6D-2DD7-433A-BD13-E5213376D946}.Debug|Any CPU.Build.0 = Debug|Any CPU
		{EFDF4E6D-2DD7-433A-BD13-E5213376D946}.Release|Any CPU.ActiveCfg = Release|Any CPU
		{EFDF4E6D-2DD7-433A-BD13-E5213376D946}.Release|Any CPU.Build.0 = Release|Any CPU
		{DF95A9EC-6ECC-4116-B76E-7C30FA4FA693}.Debug|Any CPU.ActiveCfg = Debug|Any CPU
		{DF95A9EC-6ECC-4116-B76E-7C30FA4FA693}.Debug|Any CPU.Build.0 = Debug|Any CPU
		{DF95A9EC-6ECC-4116-B76E-7C30FA4FA693}.Release|Any CPU.ActiveCfg = Release|Any CPU
		{DF95A9EC-6ECC-4116-B76E-7C30FA4FA693}.Release|Any CPU.Build.0 = Release|Any CPU
		{F2D2D3ED-CFDB-4DB7-B45C-D2A1014CD642}.Debug|Any CPU.ActiveCfg = Debug|Any CPU
		{F2D2D3ED-CFDB-4DB7-B45C-D2A1014CD642}.Debug|Any CPU.Build.0 = Debug|Any CPU
		{F2D2D3ED-CFDB-4DB7-B45C-D2A1014CD642}.Release|Any CPU.ActiveCfg = Release|Any CPU
		{F2D2D3ED-CFDB-4DB7-B45C-D2A1014CD642}.Release|Any CPU.Build.0 = Release|Any CPU
		{8A9FD5F4-2D7E-4F7D-B81F-1EB440F6CD4C}.Debug|Any CPU.ActiveCfg = Debug|Any CPU
		{8A9FD5F4-2D7E-4F7D-B81F-1EB440F6CD4C}.Debug|Any CPU.Build.0 = Debug|Any CPU
		{8A9FD5F4-2D7E-4F7D-B81F-1EB440F6CD4C}.Release|Any CPU.ActiveCfg = Release|Any CPU
		{8A9FD5F4-2D7E-4F7D-B81F-1EB440F6CD4C}.Release|Any CPU.Build.0 = Release|Any CPU
		{A9A11B7E-125E-421E-8747-CB0EACA32CEC}.Debug|Any CPU.ActiveCfg = Debug|Any CPU
		{A9A11B7E-125E-421E-8747-CB0EACA32CEC}.Debug|Any CPU.Build.0 = Debug|Any CPU
		{A9A11B7E-125E-421E-8747-CB0EACA32CEC}.Release|Any CPU.ActiveCfg = Release|Any CPU
		{A9A11B7E-125E-421E-8747-CB0EACA32CEC}.Release|Any CPU.Build.0 = Release|Any CPU
		{6FEF29DB-7294-421C-A024-2F0D3B1FF2CD}.Debug|Any CPU.ActiveCfg = Debug|Any CPU
		{6FEF29DB-7294-421C-A024-2F0D3B1FF2CD}.Debug|Any CPU.Build.0 = Debug|Any CPU
		{6FEF29DB-7294-421C-A024-2F0D3B1FF2CD}.Release|Any CPU.ActiveCfg = Release|Any CPU
		{6FEF29DB-7294-421C-A024-2F0D3B1FF2CD}.Release|Any CPU.Build.0 = Release|Any CPU
		{EB36D4B6-0A1B-42F9-A76C-396E84809130}.Debug|Any CPU.ActiveCfg = Debug|Any CPU
		{EB36D4B6-0A1B-42F9-A76C-396E84809130}.Debug|Any CPU.Build.0 = Debug|Any CPU
		{EB36D4B6-0A1B-42F9-A76C-396E84809130}.Release|Any CPU.ActiveCfg = Release|Any CPU
		{EB36D4B6-0A1B-42F9-A76C-396E84809130}.Release|Any CPU.Build.0 = Release|Any CPU
		{C6EDDA18-2B6D-4BC1-8015-C70C5E002F66}.Debug|Any CPU.ActiveCfg = Debug|Any CPU
		{C6EDDA18-2B6D-4BC1-8015-C70C5E002F66}.Debug|Any CPU.Build.0 = Debug|Any CPU
		{C6EDDA18-2B6D-4BC1-8015-C70C5E002F66}.Release|Any CPU.ActiveCfg = Release|Any CPU
		{C6EDDA18-2B6D-4BC1-8015-C70C5E002F66}.Release|Any CPU.Build.0 = Release|Any CPU
		{DC35FE03-1DBF-46D0-83E2-9AD265F05BCA}.Debug|Any CPU.ActiveCfg = Debug|Any CPU
		{DC35FE03-1DBF-46D0-83E2-9AD265F05BCA}.Debug|Any CPU.Build.0 = Debug|Any CPU
		{DC35FE03-1DBF-46D0-83E2-9AD265F05BCA}.Release|Any CPU.ActiveCfg = Release|Any CPU
		{DC35FE03-1DBF-46D0-83E2-9AD265F05BCA}.Release|Any CPU.Build.0 = Release|Any CPU
	EndGlobalSection
	GlobalSection(SolutionProperties) = preSolution
		HideSolutionNode = FALSE
	EndGlobalSection
	GlobalSection(NestedProjects) = preSolution
		{7A406EDC-7D30-44CC-9921-186E0039E57D} = {69C116D9-39E1-49DD-AD33-DA6FA55C153A}
		{0AFBAF1A-34A4-4FB0-B1C1-5707AA1BB662} = {69C116D9-39E1-49DD-AD33-DA6FA55C153A}
		{4F613231-660B-4091-9FB8-5BEF3E74F4B2} = {E0E744AB-1E43-4C13-85F5-9C51C0C36867}
		{43E4D7A2-BB95-466D-9419-6C8CA377169B} = {E0E744AB-1E43-4C13-85F5-9C51C0C36867}
		{B516F398-DE96-4D0F-85EB-BA4F74ABB938} = {69C116D9-39E1-49DD-AD33-DA6FA55C153A}
		{DF95A9EC-6ECC-4116-B76E-7C30FA4FA693} = {69C116D9-39E1-49DD-AD33-DA6FA55C153A}
		{8A9FD5F4-2D7E-4F7D-B81F-1EB440F6CD4C} = {E0E744AB-1E43-4C13-85F5-9C51C0C36867}
		{A9A11B7E-125E-421E-8747-CB0EACA32CEC} = {E0E744AB-1E43-4C13-85F5-9C51C0C36867}
		{6FEF29DB-7294-421C-A024-2F0D3B1FF2CD} = {E0E744AB-1E43-4C13-85F5-9C51C0C36867}
		{EB36D4B6-0A1B-42F9-A76C-396E84809130} = {E0E744AB-1E43-4C13-85F5-9C51C0C36867}
		{C6EDDA18-2B6D-4BC1-8015-C70C5E002F66} = {E0E744AB-1E43-4C13-85F5-9C51C0C36867}
	EndGlobalSection
	GlobalSection(ExtensibilityGlobals) = postSolution
		SolutionGuid = {24991D4B-3C1D-460E-A03A-0B82B3084A03}
	EndGlobalSection
EndGlobal
